
Microsoft Visual Studio Solution File, Format Version 12.00
# Visual Studio Version 16
VisualStudioVersion = 16.0.32106.194
MinimumVisualStudioVersion = 10.0.40219.1
Project("{FAE04EC0-301F-11D3-BF4B-00C04F79EFBC}") = "MyTenthProject", "MyTenthProject.csproj", "{AED9AD2B-8861-4922-8BC6-F6E603176C88}"
EndProject
Global
	GlobalSection(SolutionConfigurationPlatforms) = preSolution
		Debug|Any CPU = Debug|Any CPU
		Release|Any CPU = Release|Any CPU
	EndGlobalSection
	GlobalSection(ProjectConfigurationPlatforms) = postSolution
		{AED9AD2B-8861-4922-8BC6-F6E603176C88}.Debug|Any CPU.ActiveCfg = Debug|Any CPU
		{AED9AD2B-8861-4922-8BC6-F6E603176C88}.Debug|Any CPU.Build.0 = Debug|Any CPU
		{AED9AD2B-8861-4922-8BC6-F6E603176C88}.Release|Any CPU.ActiveCfg = Release|Any CPU
		{AED9AD2B-8861-4922-8BC6-F6E603176C88}.Release|Any CPU.Build.0 = Release|Any CPU
	EndGlobalSection
	GlobalSection(SolutionProperties) = preSolution
		HideSolutionNode = FALSE
	EndGlobalSection
	GlobalSection(ExtensibilityGlobals) = postSolution
		SolutionGuid = {8E013D15-BF94-4EC9-AF14-46CAE539955B}
	EndGlobalSection
EndGlobal
