
Microsoft Visual Studio Solution File, Format Version 12.00
# Visual Studio Version 16
VisualStudioVersion = 16.0.30517.126
MinimumVisualStudioVersion = 10.0.40219.1
Project("{FAE04EC0-301F-11D3-BF4B-00C04F79EFBC}") = "MyFirstProject", "MyFirstProject\MyFirstProject.csproj", "{6A86ECCE-393A-4058-8347-0BF6CB9293B5}"
EndProject
Global
	GlobalSection(SolutionConfigurationPlatforms) = preSolution
		Debug|Any CPU = Debug|Any CPU
		Release|Any CPU = Release|Any CPU
	EndGlobalSection
	GlobalSection(ProjectConfigurationPlatforms) = postSolution
		{6A86ECCE-393A-4058-8347-0BF6CB9293B5}.Debug|Any CPU.ActiveCfg = Debug|Any CPU
		{6A86ECCE-393A-4058-8347-0BF6CB9293B5}.Debug|Any CPU.Build.0 = Debug|Any CPU
		{6A86ECCE-393A-4058-8347-0BF6CB9293B5}.Release|Any CPU.ActiveCfg = Release|Any CPU
		{6A86ECCE-393A-4058-8347-0BF6CB9293B5}.Release|Any CPU.Build.0 = Release|Any CPU
	EndGlobalSection
	GlobalSection(SolutionProperties) = preSolution
		HideSolutionNode = FALSE
	EndGlobalSection
	GlobalSection(ExtensibilityGlobals) = postSolution
		SolutionGuid = {28517563-DDB4-49FC-A4B8-E503238DA012}
	EndGlobalSection
EndGlobal
