
Microsoft Visual Studio Solution File, Format Version 12.00
# Visual Studio Version 16
VisualStudioVersion = 16.0.32228.343
MinimumVisualStudioVersion = 10.0.40219.1
Project("{FAE04EC0-301F-11D3-BF4B-00C04F79EFBC}") = "MySixthProject", "MySixthProject.csproj", "{DDC80AEE-EF87-40E1-83E2-5E37CFE01D5B}"
EndProject
Global
	GlobalSection(SolutionConfigurationPlatforms) = preSolution
		Debug|Any CPU = Debug|Any CPU
		Release|Any CPU = Release|Any CPU
	EndGlobalSection
	GlobalSection(ProjectConfigurationPlatforms) = postSolution
		{DDC80AEE-EF87-40E1-83E2-5E37CFE01D5B}.Debug|Any CPU.ActiveCfg = Debug|Any CPU
		{DDC80AEE-EF87-40E1-83E2-5E37CFE01D5B}.Debug|Any CPU.Build.0 = Debug|Any CPU
		{DDC80AEE-EF87-40E1-83E2-5E37CFE01D5B}.Release|Any CPU.ActiveCfg = Release|Any CPU
		{DDC80AEE-EF87-40E1-83E2-5E37CFE01D5B}.Release|Any CPU.Build.0 = Release|Any CPU
	EndGlobalSection
	GlobalSection(SolutionProperties) = preSolution
		HideSolutionNode = FALSE
	EndGlobalSection
	GlobalSection(ExtensibilityGlobals) = postSolution
		SolutionGuid = {A03F6839-C7B8-46AE-B1D2-F5CF17F3208B}
	EndGlobalSection
EndGlobal
